// !$*UTF8*$!
{
	archiveVersion = 1;
	classes = {
	};
	objectVersion = 56;
	objects = {

/* Begin PBXBuildFile section */
		82AFF30D29441F950089812B /* JabTodoApp.swift in Sources */ = {isa = PBXBuildFile; fileRef = 82AFF30C29441F950089812B /* JabTodoApp.swift */; };
		82AFF30F29441F950089812B /* ContentView.swift in Sources */ = {isa = PBXBuildFile; fileRef = 82AFF30E29441F950089812B /* ContentView.swift */; };
		82AFF31129441F950089812B /* Assets.xcassets in Resources */ = {isa = PBXBuildFile; fileRef = 82AFF31029441F950089812B /* Assets.xcassets */; };
		82AFF31429441F950089812B /* Preview Assets.xcassets in Resources */ = {isa = PBXBuildFile; fileRef = 82AFF31329441F950089812B /* Preview Assets.xcassets */; };
		82AFF31E29441F950089812B /* JabTodoTests.swift in Sources */ = {isa = PBXBuildFile; fileRef = 82AFF31D29441F950089812B /* JabTodoTests.swift */; };
		82AFF32829441F950089812B /* JabTodoUITests.swift in Sources */ = {isa = PBXBuildFile; fileRef = 82AFF32729441F950089812B /* JabTodoUITests.swift */; };
		82AFF32A29441F950089812B /* JabTodoUITestsLaunchTests.swift in Sources */ = {isa = PBXBuildFile; fileRef = 82AFF32929441F950089812B /* JabTodoUITestsLaunchTests.swift */; };
		82AFF337294420520089812B /* StorageHandler.swift in Sources */ = {isa = PBXBuildFile; fileRef = 82AFF336294420520089812B /* StorageHandler.swift */; };
		82AFF339294420E60089812B /* Tarefa.swift in Sources */ = {isa = PBXBuildFile; fileRef = 82AFF338294420E60089812B /* Tarefa.swift */; };
		82EB52C9294D664C005762AB /* AddTarefaViewModel.swift in Sources */ = {isa = PBXBuildFile; fileRef = 82EB52C8294D664C005762AB /* AddTarefaViewModel.swift */; };
/* End PBXBuildFile section */

/* Begin PBXContainerItemProxy section */
		82AFF31A29441F950089812B /* PBXContainerItemProxy */ = {
			isa = PBXContainerItemProxy;
			containerPortal = 82AFF30129441F950089812B /* Project object */;
			proxyType = 1;
			remoteGlobalIDString = 82AFF30829441F950089812B;
			remoteInfo = JabTodo;
		};
		82AFF32429441F950089812B /* PBXContainerItemProxy */ = {
			isa = PBXContainerItemProxy;
			containerPortal = 82AFF30129441F950089812B /* Project object */;
			proxyType = 1;
			remoteGlobalIDString = 82AFF30829441F950089812B;
			remoteInfo = JabTodo;
		};
/* End PBXContainerItemProxy section */

/* Begin PBXFileReference section */
		82AFF30929441F950089812B /* JabTodo.app */ = {isa = PBXFileReference; explicitFileType = wrapper.application; includeInIndex = 0; path = JabTodo.app; sourceTree = BUILT_PRODUCTS_DIR; };
		82AFF30C29441F950089812B /* JabTodoApp.swift */ = {isa = PBXFileReference; lastKnownFileType = sourcecode.swift; path = JabTodoApp.swift; sourceTree = "<group>"; };
		82AFF30E29441F950089812B /* ContentView.swift */ = {isa = PBXFileReference; lastKnownFileType = sourcecode.swift; path = ContentView.swift; sourceTree = "<group>"; };
		82AFF31029441F950089812B /* Assets.xcassets */ = {isa = PBXFileReference; lastKnownFileType = folder.assetcatalog; path = Assets.xcassets; sourceTree = "<group>"; };
		82AFF31329441F950089812B /* Preview Assets.xcassets */ = {isa = PBXFileReference; lastKnownFileType = folder.assetcatalog; path = "Preview Assets.xcassets"; sourceTree = "<group>"; };
		82AFF31929441F950089812B /* JabTodoTests.xctest */ = {isa = PBXFileReference; explicitFileType = wrapper.cfbundle; includeInIndex = 0; path = JabTodoTests.xctest; sourceTree = BUILT_PRODUCTS_DIR; };
		82AFF31D29441F950089812B /* JabTodoTests.swift */ = {isa = PBXFileReference; lastKnownFileType = sourcecode.swift; path = JabTodoTests.swift; sourceTree = "<group>"; };
		82AFF32329441F950089812B /* JabTodoUITests.xctest */ = {isa = PBXFileReference; explicitFileType = wrapper.cfbundle; includeInIndex = 0; path = JabTodoUITests.xctest; sourceTree = BUILT_PRODUCTS_DIR; };
		82AFF32729441F950089812B /* JabTodoUITests.swift */ = {isa = PBXFileReference; lastKnownFileType = sourcecode.swift; path = JabTodoUITests.swift; sourceTree = "<group>"; };
		82AFF32929441F950089812B /* JabTodoUITestsLaunchTests.swift */ = {isa = PBXFileReference; lastKnownFileType = sourcecode.swift; path = JabTodoUITestsLaunchTests.swift; sourceTree = "<group>"; };
		82AFF336294420520089812B /* StorageHandler.swift */ = {isa = PBXFileReference; lastKnownFileType = sourcecode.swift; path = StorageHandler.swift; sourceTree = "<group>"; };
		82AFF338294420E60089812B /* Tarefa.swift */ = {isa = PBXFileReference; lastKnownFileType = sourcecode.swift; path = Tarefa.swift; sourceTree = "<group>"; };
		82EB52C8294D664C005762AB /* AddTarefaViewModel.swift */ = {isa = PBXFileReference; lastKnownFileType = sourcecode.swift; path = AddTarefaViewModel.swift; sourceTree = "<group>"; };
/* End PBXFileReference section */

/* Begin PBXFrameworksBuildPhase section */
		82AFF30629441F950089812B /* Frameworks */ = {
			isa = PBXFrameworksBuildPhase;
			buildActionMask = 2147483647;
			files = (
			);
			runOnlyForDeploymentPostprocessing = 0;
		};
		82AFF31629441F950089812B /* Frameworks */ = {
			isa = PBXFrameworksBuildPhase;
			buildActionMask = 2147483647;
			files = (
			);
			runOnlyForDeploymentPostprocessing = 0;
		};
		82AFF32029441F950089812B /* Frameworks */ = {
			isa = PBXFrameworksBuildPhase;
			buildActionMask = 2147483647;
			files = (
			);
			runOnlyForDeploymentPostprocessing = 0;
		};
/* End PBXFrameworksBuildPhase section */

/* Begin PBXGroup section */
		82AFF30029441F950089812B = {
			isa = PBXGroup;
			children = (
				82AFF30B29441F950089812B /* JabTodo */,
				82AFF31C29441F950089812B /* JabTodoTests */,
				82AFF32629441F950089812B /* JabTodoUITests */,
				82AFF30A29441F950089812B /* Products */,
			);
			sourceTree = "<group>";
		};
		82AFF30A29441F950089812B /* Products */ = {
			isa = PBXGroup;
			children = (
				82AFF30929441F950089812B /* JabTodo.app */,
				82AFF31929441F950089812B /* JabTodoTests.xctest */,
				82AFF32329441F950089812B /* JabTodoUITests.xctest */,
			);
			name = Products;
			sourceTree = "<group>";
		};
		82AFF30B29441F950089812B /* JabTodo */ = {
			isa = PBXGroup;
			children = (
				82AFF30C29441F950089812B /* JabTodoApp.swift */,
				82AFF30E29441F950089812B /* ContentView.swift */,
				82AFF336294420520089812B /* StorageHandler.swift */,
				82AFF31029441F950089812B /* Assets.xcassets */,
				82AFF31229441F950089812B /* Preview Content */,
				82AFF338294420E60089812B /* Tarefa.swift */,
				82EB52C8294D664C005762AB /* AddTarefaViewModel.swift */,
			);
			path = JabTodo;
			sourceTree = "<group>";
		};
		82AFF31229441F950089812B /* Preview Content */ = {
			isa = PBXGroup;
			children = (
				82AFF31329441F950089812B /* Preview Assets.xcassets */,
			);
			path = "Preview Content";
			sourceTree = "<group>";
		};
		82AFF31C29441F950089812B /* JabTodoTests */ = {
			isa = PBXGroup;
			children = (
				82AFF31D29441F950089812B /* JabTodoTests.swift */,
			);
			path = JabTodoTests;
			sourceTree = "<group>";
		};
		82AFF32629441F950089812B /* JabTodoUITests */ = {
			isa = PBXGroup;
			children = (
				82AFF32729441F950089812B /* JabTodoUITests.swift */,
				82AFF32929441F950089812B /* JabTodoUITestsLaunchTests.swift */,
			);
			path = JabTodoUITests;
			sourceTree = "<group>";
		};
/* End PBXGroup section */

/* Begin PBXNativeTarget section */
		82AFF30829441F950089812B /* JabTodo */ = {
			isa = PBXNativeTarget;
			buildConfigurationList = 82AFF32D29441F950089812B /* Build configuration list for PBXNativeTarget "JabTodo" */;
			buildPhases = (
				82AFF30529441F950089812B /* Sources */,
				82AFF30629441F950089812B /* Frameworks */,
				82AFF30729441F950089812B /* Resources */,
			);
			buildRules = (
			);
			dependencies = (
			);
			name = JabTodo;
			productName = JabTodo;
			productReference = 82AFF30929441F950089812B /* JabTodo.app */;
			productType = "com.apple.product-type.application";
		};
		82AFF31829441F950089812B /* JabTodoTests */ = {
			isa = PBXNativeTarget;
			buildConfigurationList = 82AFF33029441F950089812B /* Build configuration list for PBXNativeTarget "JabTodoTests" */;
			buildPhases = (
				82AFF31529441F950089812B /* Sources */,
				82AFF31629441F950089812B /* Frameworks */,
				82AFF31729441F950089812B /* Resources */,
			);
			buildRules = (
			);
			dependencies = (
				82AFF31B29441F950089812B /* PBXTargetDependency */,
			);
			name = JabTodoTests;
			productName = JabTodoTests;
			productReference = 82AFF31929441F950089812B /* JabTodoTests.xctest */;
			productType = "com.apple.product-type.bundle.unit-test";
		};
		82AFF32229441F950089812B /* JabTodoUITests */ = {
			isa = PBXNativeTarget;
			buildConfigurationList = 82AFF33329441F950089812B /* Build configuration list for PBXNativeTarget "JabTodoUITests" */;
			buildPhases = (
				82AFF31F29441F950089812B /* Sources */,
				82AFF32029441F950089812B /* Frameworks */,
				82AFF32129441F950089812B /* Resources */,
			);
			buildRules = (
			);
			dependencies = (
				82AFF32529441F950089812B /* PBXTargetDependency */,
			);
			name = JabTodoUITests;
			productName = JabTodoUITests;
			productReference = 82AFF32329441F950089812B /* JabTodoUITests.xctest */;
			productType = "com.apple.product-type.bundle.ui-testing";
		};
/* End PBXNativeTarget section */

/* Begin PBXProject section */
		82AFF30129441F950089812B /* Project object */ = {
			isa = PBXProject;
			attributes = {
				BuildIndependentTargetsInParallel = 1;
				LastSwiftUpdateCheck = 1410;
				LastUpgradeCheck = 1410;
				TargetAttributes = {
					82AFF30829441F950089812B = {
						CreatedOnToolsVersion = 14.1;
					};
					82AFF31829441F950089812B = {
						CreatedOnToolsVersion = 14.1;
						TestTargetID = 82AFF30829441F950089812B;
					};
					82AFF32229441F950089812B = {
						CreatedOnToolsVersion = 14.1;
						TestTargetID = 82AFF30829441F950089812B;
					};
				};
			};
			buildConfigurationList = 82AFF30429441F950089812B /* Build configuration list for PBXProject "JabTodo" */;
			compatibilityVersion = "Xcode 14.0";
			developmentRegion = en;
			hasScannedForEncodings = 0;
			knownRegions = (
				en,
				Base,
			);
			mainGroup = 82AFF30029441F950089812B;
			productRefGroup = 82AFF30A29441F950089812B /* Products */;
			projectDirPath = "";
			projectRoot = "";
			targets = (
				82AFF30829441F950089812B /* JabTodo */,
				82AFF31829441F950089812B /* JabTodoTests */,
				82AFF32229441F950089812B /* JabTodoUITests */,
			);
		};
/* End PBXProject section */

/* Begin PBXResourcesBuildPhase section */
		82AFF30729441F950089812B /* Resources */ = {
			isa = PBXResourcesBuildPhase;
			buildActionMask = 2147483647;
			files = (
				82AFF31429441F950089812B /* Preview Assets.xcassets in Resources */,
				82AFF31129441F950089812B /* Assets.xcassets in Resources */,
			);
			runOnlyForDeploymentPostprocessing = 0;
		};
		82AFF31729441F950089812B /* Resources */ = {
			isa = PBXResourcesBuildPhase;
			buildActionMask = 2147483647;
			files = (
			);
			runOnlyForDeploymentPostprocessing = 0;
		};
		82AFF32129441F950089812B /* Resources */ = {
			isa = PBXResourcesBuildPhase;
			buildActionMask = 2147483647;
			files = (
			);
			runOnlyForDeploymentPostprocessing = 0;
		};
/* End PBXResourcesBuildPhase section */

/* Begin PBXSourcesBuildPhase section */
		82AFF30529441F950089812B /* Sources */ = {
			isa = PBXSourcesBuildPhase;
			buildActionMask = 2147483647;
			files = (
				82AFF30F29441F950089812B /* ContentView.swift in Sources */,
				82EB52C9294D664C005762AB /* AddTarefaViewModel.swift in Sources */,
				82AFF30D29441F950089812B /* JabTodoApp.swift in Sources */,
				82AFF339294420E60089812B /* Tarefa.swift in Sources */,
				82AFF337294420520089812B /* StorageHandler.swift in Sources */,
			);
			runOnlyForDeploymentPostprocessing = 0;
		};
		82AFF31529441F950089812B /* Sources */ = {
			isa = PBXSourcesBuildPhase;
			buildActionMask = 2147483647;
			files = (
				82AFF31E29441F950089812B /* JabTodoTests.swift in Sources */,
			);
			runOnlyForDeploymentPostprocessing = 0;
		};
		82AFF31F29441F950089812B /* Sources */ = {
			isa = PBXSourcesBuildPhase;
			buildActionMask = 2147483647;
			files = (
				82AFF32A29441F950089812B /* JabTodoUITestsLaunchTests.swift in Sources */,
				82AFF32829441F950089812B /* JabTodoUITests.swift in Sources */,
			);
			runOnlyForDeploymentPostprocessing = 0;
		};
/* End PBXSourcesBuildPhase section */

/* Begin PBXTargetDependency section */
		82AFF31B29441F950089812B /* PBXTargetDependency */ = {
			isa = PBXTargetDependency;
			target = 82AFF30829441F950089812B /* JabTodo */;
			targetProxy = 82AFF31A29441F950089812B /* PBXContainerItemProxy */;
		};
		82AFF32529441F950089812B /* PBXTargetDependency */ = {
			isa = PBXTargetDependency;
			target = 82AFF30829441F950089812B /* JabTodo */;
			targetProxy = 82AFF32429441F950089812B /* PBXContainerItemProxy */;
		};
/* End PBXTargetDependency section */

/* Begin XCBuildConfiguration section */
		82AFF32B29441F950089812B /* Debug */ = {
			isa = XCBuildConfiguration;
			buildSettings = {
				ALWAYS_SEARCH_USER_PATHS = NO;
				CLANG_ANALYZER_NONNULL = YES;
				CLANG_ANALYZER_NUMBER_OBJECT_CONVERSION = YES_AGGRESSIVE;
				CLANG_CXX_LANGUAGE_STANDARD = "gnu++20";
				CLANG_ENABLE_MODULES = YES;
				CLANG_ENABLE_OBJC_ARC = YES;
				CLANG_ENABLE_OBJC_WEAK = YES;
				CLANG_WARN_BLOCK_CAPTURE_AUTORELEASING = YES;
				CLANG_WARN_BOOL_CONVERSION = YES;
				CLANG_WARN_COMMA = YES;
				CLANG_WARN_CONSTANT_CONVERSION = YES;
				CLANG_WARN_DEPRECATED_OBJC_IMPLEMENTATIONS = YES;
				CLANG_WARN_DIRECT_OBJC_ISA_USAGE = YES_ERROR;
				CLANG_WARN_DOCUMENTATION_COMMENTS = YES;
				CLANG_WARN_EMPTY_BODY = YES;
				CLANG_WARN_ENUM_CONVERSION = YES;
				CLANG_WARN_INFINITE_RECURSION = YES;
				CLANG_WARN_INT_CONVERSION = YES;
				CLANG_WARN_NON_LITERAL_NULL_CONVERSION = YES;
				CLANG_WARN_OBJC_IMPLICIT_RETAIN_SELF = YES;
				CLANG_WARN_OBJC_LITERAL_CONVERSION = YES;
				CLANG_WARN_OBJC_ROOT_CLASS = YES_ERROR;
				CLANG_WARN_QUOTED_INCLUDE_IN_FRAMEWORK_HEADER = YES;
				CLANG_WARN_RANGE_LOOP_ANALYSIS = YES;
				CLANG_WARN_STRICT_PROTOTYPES = YES;
				CLANG_WARN_SUSPICIOUS_MOVE = YES;
				CLANG_WARN_UNGUARDED_AVAILABILITY = YES_AGGRESSIVE;
				CLANG_WARN_UNREACHABLE_CODE = YES;
				CLANG_WARN__DUPLICATE_METHOD_MATCH = YES;
				COPY_PHASE_STRIP = NO;
				DEBUG_INFORMATION_FORMAT = dwarf;
				ENABLE_STRICT_OBJC_MSGSEND = YES;
				ENABLE_TESTABILITY = YES;
				GCC_C_LANGUAGE_STANDARD = gnu11;
				GCC_DYNAMIC_NO_PIC = NO;
				GCC_NO_COMMON_BLOCKS = YES;
				GCC_OPTIMIZATION_LEVEL = 0;
				GCC_PREPROCESSOR_DEFINITIONS = (
					"DEBUG=1",
					"$(inherited)",
				);
				GCC_WARN_64_TO_32_BIT_CONVERSION = YES;
				GCC_WARN_ABOUT_RETURN_TYPE = YES_ERROR;
				GCC_WARN_UNDECLARED_SELECTOR = YES;
				GCC_WARN_UNINITIALIZED_AUTOS = YES_AGGRESSIVE;
				GCC_WARN_UNUSED_FUNCTION = YES;
				GCC_WARN_UNUSED_VARIABLE = YES;
				IPHONEOS_DEPLOYMENT_TARGET = 15.0;
				MTL_ENABLE_DEBUG_INFO = INCLUDE_SOURCE;
				MTL_FAST_MATH = YES;
				ONLY_ACTIVE_ARCH = YES;
				SDKROOT = iphoneos;
				SWIFT_ACTIVE_COMPILATION_CONDITIONS = DEBUG;
				SWIFT_OPTIMIZATION_LEVEL = "-Onone";
			};
			name = Debug;
		};
		82AFF32C29441F950089812B /* Release */ = {
			isa = XCBuildConfiguration;
			buildSettings = {
				ALWAYS_SEARCH_USER_PATHS = NO;
				CLANG_ANALYZER_NONNULL = YES;
				CLANG_ANALYZER_NUMBER_OBJECT_CONVERSION = YES_AGGRESSIVE;
				CLANG_CXX_LANGUAGE_STANDARD = "gnu++20";
				CLANG_ENABLE_MODULES = YES;
				CLANG_ENABLE_OBJC_ARC = YES;
				CLANG_ENABLE_OBJC_WEAK = YES;
				CLANG_WARN_BLOCK_CAPTURE_AUTORELEASING = YES;
				CLANG_WARN_BOOL_CONVERSION = YES;
				CLANG_WARN_COMMA = YES;
				CLANG_WARN_CONSTANT_CONVERSION = YES;
				CLANG_WARN_DEPRECATED_OBJC_IMPLEMENTATIONS = YES;
				CLANG_WARN_DIRECT_OBJC_ISA_USAGE = YES_ERROR;
				CLANG_WARN_DOCUMENTATION_COMMENTS = YES;
				CLANG_WARN_EMPTY_BODY = YES;
				CLANG_WARN_ENUM_CONVERSION = YES;
				CLANG_WARN_INFINITE_RECURSION = YES;
				CLANG_WARN_INT_CONVERSION = YES;
				CLANG_WARN_NON_LITERAL_NULL_CONVERSION = YES;
				CLANG_WARN_OBJC_IMPLICIT_RETAIN_SELF = YES;
				CLANG_WARN_OBJC_LITERAL_CONVERSION = YES;
				CLANG_WARN_OBJC_ROOT_CLASS = YES_ERROR;
				CLANG_WARN_QUOTED_INCLUDE_IN_FRAMEWORK_HEADER = YES;
				CLANG_WARN_RANGE_LOOP_ANALYSIS = YES;
				CLANG_WARN_STRICT_PROTOTYPES = YES;
				CLANG_WARN_SUSPICIOUS_MOVE = YES;
				CLANG_WARN_UNGUARDED_AVAILABILITY = YES_AGGRESSIVE;
				CLANG_WARN_UNREACHABLE_CODE = YES;
				CLANG_WARN__DUPLICATE_METHOD_MATCH = YES;
				COPY_PHASE_STRIP = NO;
				DEBUG_INFORMATION_FORMAT = "dwarf-with-dsym";
				ENABLE_NS_ASSERTIONS = NO;
				ENABLE_STRICT_OBJC_MSGSEND = YES;
				GCC_C_LANGUAGE_STANDARD = gnu11;
				GCC_NO_COMMON_BLOCKS = YES;
				GCC_WARN_64_TO_32_BIT_CONVERSION = YES;
				GCC_WARN_ABOUT_RETURN_TYPE = YES_ERROR;
				GCC_WARN_UNDECLARED_SELECTOR = YES;
				GCC_WARN_UNINITIALIZED_AUTOS = YES_AGGRESSIVE;
				GCC_WARN_UNUSED_FUNCTION = YES;
				GCC_WARN_UNUSED_VARIABLE = YES;
				IPHONEOS_DEPLOYMENT_TARGET = 15.0;
				MTL_ENABLE_DEBUG_INFO = NO;
				MTL_FAST_MATH = YES;
				SDKROOT = iphoneos;
				SWIFT_COMPILATION_MODE = wholemodule;
				SWIFT_OPTIMIZATION_LEVEL = "-O";
				VALIDATE_PRODUCT = YES;
			};
			name = Release;
		};
		82AFF32E29441F950089812B /* Debug */ = {
			isa = XCBuildConfiguration;
			buildSettings = {
				ASSETCATALOG_COMPILER_APPICON_NAME = AppIcon;
				ASSETCATALOG_COMPILER_GLOBAL_ACCENT_COLOR_NAME = AccentColor;
				CODE_SIGN_STYLE = Automatic;
				CURRENT_PROJECT_VERSION = 1;
				DEVELOPMENT_ASSET_PATHS = "\"JabTodo/Preview Content\"";
				DEVELOPMENT_TEAM = 8LH8763329;
				ENABLE_PREVIEWS = YES;
				GENERATE_INFOPLIST_FILE = YES;
				INFOPLIST_KEY_UIApplicationSceneManifest_Generation = YES;
				INFOPLIST_KEY_UIApplicationSupportsIndirectInputEvents = YES;
				INFOPLIST_KEY_UILaunchScreen_Generation = YES;
				INFOPLIST_KEY_UISupportedInterfaceOrientations_iPad = "UIInterfaceOrientationPortrait UIInterfaceOrientationPortraitUpsideDown UIInterfaceOrientationLandscapeLeft UIInterfaceOrientationLandscapeRight";
				INFOPLIST_KEY_UISupportedInterfaceOrientations_iPhone = "UIInterfaceOrientationPortrait UIInterfaceOrientationLandscapeLeft UIInterfaceOrientationLandscapeRight";
				IPHONEOS_DEPLOYMENT_TARGET = 15.0;
				LD_RUNPATH_SEARCH_PATHS = (
					"$(inherited)",
					"@executable_path/Frameworks",
				);
				MARKETING_VERSION = 1.0;
				PRODUCT_BUNDLE_IDENTIFIER = br.julio.JabTodo;
				PRODUCT_NAME = "$(TARGET_NAME)";
				SWIFT_EMIT_LOC_STRINGS = YES;
				SWIFT_VERSION = 5.0;
				TARGETED_DEVICE_FAMILY = "1,2";
			};
			name = Debug;
		};
		82AFF32F29441F950089812B /* Release */ = {
			isa = XCBuildConfiguration;
			buildSettings = {
				ASSETCATALOG_COMPILER_APPICON_NAME = AppIcon;
				ASSETCATALOG_COMPILER_GLOBAL_ACCENT_COLOR_NAME = AccentColor;
				CODE_SIGN_STYLE = Automatic;
				CURRENT_PROJECT_VERSION = 1;
				DEVELOPMENT_ASSET_PATHS = "\"JabTodo/Preview Content\"";
				DEVELOPMENT_TEAM = 8LH8763329;
				ENABLE_PREVIEWS = YES;
				GENERATE_INFOPLIST_FILE = YES;
				INFOPLIST_KEY_UIApplicationSceneManifest_Generation = YES;
				INFOPLIST_KEY_UIApplicationSupportsIndirectInputEvents = YES;
				INFOPLIST_KEY_UILaunchScreen_Generation = YES;
				INFOPLIST_KEY_UISupportedInterfaceOrientations_iPad = "UIInterfaceOrientationPortrait UIInterfaceOrientationPortraitUpsideDown UIInterfaceOrientationLandscapeLeft UIInterfaceOrientationLandscapeRight";
				INFOPLIST_KEY_UISupportedInterfaceOrientations_iPhone = "UIInterfaceOrientationPortrait UIInterfaceOrientationLandscapeLeft UIInterfaceOrientationLandscapeRight";
				IPHONEOS_DEPLOYMENT_TARGET = 15.0;
				LD_RUNPATH_SEARCH_PATHS = (
					"$(inherited)",
					"@executable_path/Frameworks",
				);
				MARKETING_VERSION = 1.0;
				PRODUCT_BUNDLE_IDENTIFIER = br.julio.JabTodo;
				PRODUCT_NAME = "$(TARGET_NAME)";
				SWIFT_EMIT_LOC_STRINGS = YES;
				SWIFT_VERSION = 5.0;
				TARGETED_DEVICE_FAMILY = "1,2";
			};
			name = Release;
		};
		82AFF33129441F950089812B /* Debug */ = {
			isa = XCBuildConfiguration;
			buildSettings = {
				ALWAYS_EMBED_SWIFT_STANDARD_LIBRARIES = YES;
				BUNDLE_LOADER = "$(TEST_HOST)";
				CODE_SIGN_STYLE = Automatic;
				CURRENT_PROJECT_VERSION = 1;
				DEVELOPMENT_TEAM = 8LH8763329;
				GENERATE_INFOPLIST_FILE = YES;
				IPHONEOS_DEPLOYMENT_TARGET = 16.1;
				MARKETING_VERSION = 1.0;
				PRODUCT_BUNDLE_IDENTIFIER = br.julio.JabTodoTests;
				PRODUCT_NAME = "$(TARGET_NAME)";
				SWIFT_EMIT_LOC_STRINGS = NO;
				SWIFT_VERSION = 5.0;
				TARGETED_DEVICE_FAMILY = "1,2";
				TEST_HOST = "$(BUILT_PRODUCTS_DIR)/JabTodo.app/$(BUNDLE_EXECUTABLE_FOLDER_PATH)/JabTodo";
			};
			name = Debug;
		};
		82AFF33229441F950089812B /* Release */ = {
			isa = XCBuildConfiguration;
			buildSettings = {
				ALWAYS_EMBED_SWIFT_STANDARD_LIBRARIES = YES;
				BUNDLE_LOADER = "$(TEST_HOST)";
				CODE_SIGN_STYLE = Automatic;
				CURRENT_PROJECT_VERSION = 1;
				DEVELOPMENT_TEAM = 8LH8763329;
				GENERATE_INFOPLIST_FILE = YES;
				IPHONEOS_DEPLOYMENT_TARGET = 16.1;
				MARKETING_VERSION = 1.0;
				PRODUCT_BUNDLE_IDENTIFIER = br.julio.JabTodoTests;
				PRODUCT_NAME = "$(TARGET_NAME)";
				SWIFT_EMIT_LOC_STRINGS = NO;
				SWIFT_VERSION = 5.0;
				TARGETED_DEVICE_FAMILY = "1,2";
				TEST_HOST = "$(BUILT_PRODUCTS_DIR)/JabTodo.app/$(BUNDLE_EXECUTABLE_FOLDER_PATH)/JabTodo";
			};
			name = Release;
		};
		82AFF33429441F950089812B /* Debug */ = {
			isa = XCBuildConfiguration;
			buildSettings = {
				ALWAYS_EMBED_SWIFT_STANDARD_LIBRARIES = YES;
				CODE_SIGN_STYLE = Automatic;
				CURRENT_PROJECT_VERSION = 1;
				DEVELOPMENT_TEAM = 8LH8763329;
				GENERATE_INFOPLIST_FILE = YES;
				MARKETING_VERSION = 1.0;
				PRODUCT_BUNDLE_IDENTIFIER = br.julio.JabTodoUITests;
				PRODUCT_NAME = "$(TARGET_NAME)";
				SWIFT_EMIT_LOC_STRINGS = NO;
				SWIFT_VERSION = 5.0;
				TARGETED_DEVICE_FAMILY = "1,2";
				TEST_TARGET_NAME = JabTodo;
			};
			name = Debug;
		};
		82AFF33529441F950089812B /* Release */ = {
			isa = XCBuildConfiguration;
			buildSettings = {
				ALWAYS_EMBED_SWIFT_STANDARD_LIBRARIES = YES;
				CODE_SIGN_STYLE = Automatic;
				CURRENT_PROJECT_VERSION = 1;
				DEVELOPMENT_TEAM = 8LH8763329;
				GENERATE_INFOPLIST_FILE = YES;
				MARKETING_VERSION = 1.0;
				PRODUCT_BUNDLE_IDENTIFIER = br.julio.JabTodoUITests;
				PRODUCT_NAME = "$(TARGET_NAME)";
				SWIFT_EMIT_LOC_STRINGS = NO;
				SWIFT_VERSION = 5.0;
				TARGETED_DEVICE_FAMILY = "1,2";
				TEST_TARGET_NAME = JabTodo;
			};
			name = Release;
		};
/* End XCBuildConfiguration section */

/* Begin XCConfigurationList section */
		82AFF30429441F950089812B /* Build configuration list for PBXProject "JabTodo" */ = {
			isa = XCConfigurationList;
			buildConfigurations = (
				82AFF32B29441F950089812B /* Debug */,
				82AFF32C29441F950089812B /* Release */,
			);
			defaultConfigurationIsVisible = 0;
			defaultConfigurationName = Release;
		};
		82AFF32D29441F950089812B /* Build configuration list for PBXNativeTarget "JabTodo" */ = {
			isa = XCConfigurationList;
			buildConfigurations = (
				82AFF32E29441F950089812B /* Debug */,
				82AFF32F29441F950089812B /* Release */,
			);
			defaultConfigurationIsVisible = 0;
			defaultConfigurationName = Release;
		};
		82AFF33029441F950089812B /* Build configuration list for PBXNativeTarget "JabTodoTests" */ = {
			isa = XCConfigurationList;
			buildConfigurations = (
				82AFF33129441F950089812B /* Debug */,
				82AFF33229441F950089812B /* Release */,
			);
			defaultConfigurationIsVisible = 0;
			defaultConfigurationName = Release;
		};
		82AFF33329441F950089812B /* Build configuration list for PBXNativeTarget "JabTodoUITests" */ = {
			isa = XCConfigurationList;
			buildConfigurations = (
				82AFF33429441F950089812B /* Debug */,
				82AFF33529441F950089812B /* Release */,
			);
			defaultConfigurationIsVisible = 0;
			defaultConfigurationName = Release;
		};
/* End XCConfigurationList section */
	};
	rootObject = 82AFF30129441F950089812B /* Project object */;
}
